
Microsoft Visual Studio Solution File, Format Version 12.00
# Visual Studio Version 18
VisualStudioVersion = 18.3.11520.95
MinimumVisualStudioVersion = 10.0.40219.1
Project("{FAE04EC0-301F-11D3-BF4B-00C04F79EFBC}") = "FeladatRadar.backend", "FeladatRadar.backend\FeladatRadar.backend.csproj", "{BC67A1E7-F231-4FA4-A2F1-FC118C1BA02E}"
EndProject
Project("{FAE04EC0-301F-11D3-BF4B-00C04F79EFBC}") = "FeladatRadar.frontend", "FeladatRadar.frontend\FeladatRadar.frontend.csproj", "{4BF086AE-2C77-4878-8ED3-E311A65A9A60}"
EndProject
Project("{FAE04EC0-301F-11D3-BF4B-00C04F79EFBC}") = "FeladatRadar.teszt", "FeladatRadar.teszt\FeladatRadar.teszt.csproj", "{78D95198-22D7-4E1E-8DBB-64C711E111D1}"
EndProject
Global
	GlobalSection(SolutionConfigurationPlatforms) = preSolution
		Debug|Any CPU = Debug|Any CPU
		Release|Any CPU = Release|Any CPU
	EndGlobalSection
	GlobalSection(ProjectConfigurationPlatforms) = postSolution
		{BC67A1E7-F231-4FA4-A2F1-FC118C1BA02E}.Debug|Any CPU.ActiveCfg = Debug|Any CPU
		{BC67A1E7-F231-4FA4-A2F1-FC118C1BA02E}.Debug|Any CPU.Build.0 = Debug|Any CPU
		{BC67A1E7-F231-4FA4-A2F1-FC118C1BA02E}.Release|Any CPU.ActiveCfg = Release|Any CPU
		{BC67A1E7-F231-4FA4-A2F1-FC118C1BA02E}.Release|Any CPU.Build.0 = Release|Any CPU
		{4BF086AE-2C77-4878-8ED3-E311A65A9A60}.Debug|Any CPU.ActiveCfg = Debug|Any CPU
		{4BF086AE-2C77-4878-8ED3-E311A65A9A60}.Debug|Any CPU.Build.0 = Debug|Any CPU
		{4BF086AE-2C77-4878-8ED3-E311A65A9A60}.Release|Any CPU.ActiveCfg = Release|Any CPU
		{4BF086AE-2C77-4878-8ED3-E311A65A9A60}.Release|Any CPU.Build.0 = Release|Any CPU
		{78D95198-22D7-4E1E-8DBB-64C711E111D1}.Debug|Any CPU.ActiveCfg = Debug|Any CPU
		{78D95198-22D7-4E1E-8DBB-64C711E111D1}.Debug|Any CPU.Build.0 = Debug|Any CPU
		{78D95198-22D7-4E1E-8DBB-64C711E111D1}.Release|Any CPU.ActiveCfg = Release|Any CPU
		{78D95198-22D7-4E1E-8DBB-64C711E111D1}.Release|Any CPU.Build.0 = Release|Any CPU
	EndGlobalSection
	GlobalSection(SolutionProperties) = preSolution
		HideSolutionNode = FALSE
	EndGlobalSection
	GlobalSection(ExtensibilityGlobals) = postSolution
		SolutionGuid = {0E684ED9-3E88-4F42-8319-47684A228FF0}
	EndGlobalSection
EndGlobal
